
Microsoft Visual Studio Solution File, Format Version 12.00
# Visual Studio Version 16
VisualStudioVersion = 16.0.30907.101
MinimumVisualStudioVersion = 10.0.40219.1
Project("{9A19103F-16F7-4668-BE54-9A1E7A4F7556}") = "GameOfLife", "GameOfLife\GameOfLife.csproj", "{FC3CDD42-187C-4CD9-BBC5-1AA0C83A43B9}"
EndProject
Project("{FAE04EC0-301F-11D3-BF4B-00C04F79EFBC}") = "MapReduce", "MapReduce\MapReduce.csproj", "{EA0F7261-32C4-4EE1-8B86-978A74F17EC2}"
EndProject
Global
	GlobalSection(SolutionConfigurationPlatforms) = preSolution
		Debug|Any CPU = Debug|Any CPU
		Release|Any CPU = Release|Any CPU
	EndGlobalSection
	GlobalSection(ProjectConfigurationPlatforms) = postSolution
		{FC3CDD42-187C-4CD9-BBC5-1AA0C83A43B9}.Debug|Any CPU.ActiveCfg = Debug|Any CPU
		{FC3CDD42-187C-4CD9-BBC5-1AA0C83A43B9}.Debug|Any CPU.Build.0 = Debug|Any CPU
		{FC3CDD42-187C-4CD9-BBC5-1AA0C83A43B9}.Release|Any CPU.ActiveCfg = Release|Any CPU
		{FC3CDD42-187C-4CD9-BBC5-1AA0C83A43B9}.Release|Any CPU.Build.0 = Release|Any CPU
		{EA0F7261-32C4-4EE1-8B86-978A74F17EC2}.Debug|Any CPU.ActiveCfg = Debug|Any CPU
		{EA0F7261-32C4-4EE1-8B86-978A74F17EC2}.Debug|Any CPU.Build.0 = Debug|Any CPU
		{EA0F7261-32C4-4EE1-8B86-978A74F17EC2}.Release|Any CPU.ActiveCfg = Release|Any CPU
		{EA0F7261-32C4-4EE1-8B86-978A74F17EC2}.Release|Any CPU.Build.0 = Release|Any CPU
	EndGlobalSection
	GlobalSection(SolutionProperties) = preSolution
		HideSolutionNode = FALSE
	EndGlobalSection
	GlobalSection(ExtensibilityGlobals) = postSolution
		SolutionGuid = {BB20B83A-62FC-4483-BBA3-F3B88F568FFD}
	EndGlobalSection
EndGlobal
